
Microsoft Visual Studio Solution File, Format Version 12.00
# Visual Studio Version 17
VisualStudioVersion = 17.0.31903.59
MinimumVisualStudioVersion = 10.0.40219.1
Project("{FAE04EC0-301F-11D3-BF4B-00C04F79EFBC}") = "ConsoleApp1", "ConsoleApp1\ConsoleApp1.csproj", "{637B6EF4-E981-4F14-8B55-CA067736695C}"
EndProject
Project("{FAE04EC0-301F-11D3-BF4B-00C04F79EFBC}") = "Bibliotek", "Bibliotek\Bibliotek.csproj", "{8583036D-0008-4A28-BE42-E57EFEEF1AC0}"
EndProject
Project("{FAE04EC0-301F-11D3-BF4B-00C04F79EFBC}") = "ConsoleApp2", "ConsoleApp2\ConsoleApp2.csproj", "{2421CDE5-5E08-47AC-BCA7-50D495B457FE}"
EndProject
Project("{FAE04EC0-301F-11D3-BF4B-00C04F79EFBC}") = "TEST", "TEST\TEST.csproj", "{B7D2EF36-72B6-460C-96B4-4F7BBBC06168}"
EndProject
Project("{FAE04EC0-301F-11D3-BF4B-00C04F79EFBC}") = "Pokemon", "Pokemon\Pokemon.csproj", "{C1CCDF8D-0B8E-4C4E-9C96-5C9B68C748FB}"
EndProject
Global
	GlobalSection(SolutionConfigurationPlatforms) = preSolution
		Debug|Any CPU = Debug|Any CPU
		Debug|x64 = Debug|x64
		Debug|x86 = Debug|x86
		Release|Any CPU = Release|Any CPU
		Release|x64 = Release|x64
		Release|x86 = Release|x86
	EndGlobalSection
	GlobalSection(ProjectConfigurationPlatforms) = postSolution
		{637B6EF4-E981-4F14-8B55-CA067736695C}.Debug|Any CPU.ActiveCfg = Debug|Any CPU
		{637B6EF4-E981-4F14-8B55-CA067736695C}.Debug|Any CPU.Build.0 = Debug|Any CPU
		{637B6EF4-E981-4F14-8B55-CA067736695C}.Debug|x64.ActiveCfg = Debug|Any CPU
		{637B6EF4-E981-4F14-8B55-CA067736695C}.Debug|x64.Build.0 = Debug|Any CPU
		{637B6EF4-E981-4F14-8B55-CA067736695C}.Debug|x86.ActiveCfg = Debug|Any CPU
		{637B6EF4-E981-4F14-8B55-CA067736695C}.Debug|x86.Build.0 = Debug|Any CPU
		{637B6EF4-E981-4F14-8B55-CA067736695C}.Release|Any CPU.ActiveCfg = Release|Any CPU
		{637B6EF4-E981-4F14-8B55-CA067736695C}.Release|Any CPU.Build.0 = Release|Any CPU
		{637B6EF4-E981-4F14-8B55-CA067736695C}.Release|x64.ActiveCfg = Release|Any CPU
		{637B6EF4-E981-4F14-8B55-CA067736695C}.Release|x64.Build.0 = Release|Any CPU
		{637B6EF4-E981-4F14-8B55-CA067736695C}.Release|x86.ActiveCfg = Release|Any CPU
		{637B6EF4-E981-4F14-8B55-CA067736695C}.Release|x86.Build.0 = Release|Any CPU
		{8583036D-0008-4A28-BE42-E57EFEEF1AC0}.Debug|Any CPU.ActiveCfg = Debug|Any CPU
		{8583036D-0008-4A28-BE42-E57EFEEF1AC0}.Debug|Any CPU.Build.0 = Debug|Any CPU
		{8583036D-0008-4A28-BE42-E57EFEEF1AC0}.Debug|x64.ActiveCfg = Debug|Any CPU
		{8583036D-0008-4A28-BE42-E57EFEEF1AC0}.Debug|x64.Build.0 = Debug|Any CPU
		{8583036D-0008-4A28-BE42-E57EFEEF1AC0}.Debug|x86.ActiveCfg = Debug|Any CPU
		{8583036D-0008-4A28-BE42-E57EFEEF1AC0}.Debug|x86.Build.0 = Debug|Any CPU
		{8583036D-0008-4A28-BE42-E57EFEEF1AC0}.Release|Any CPU.ActiveCfg = Release|Any CPU
		{8583036D-0008-4A28-BE42-E57EFEEF1AC0}.Release|Any CPU.Build.0 = Release|Any CPU
		{8583036D-0008-4A28-BE42-E57EFEEF1AC0}.Release|x64.ActiveCfg = Release|Any CPU
		{8583036D-0008-4A28-BE42-E57EFEEF1AC0}.Release|x64.Build.0 = Release|Any CPU
		{8583036D-0008-4A28-BE42-E57EFEEF1AC0}.Release|x86.ActiveCfg = Release|Any CPU
		{8583036D-0008-4A28-BE42-E57EFEEF1AC0}.Release|x86.Build.0 = Release|Any CPU
		{2421CDE5-5E08-47AC-BCA7-50D495B457FE}.Debug|Any CPU.ActiveCfg = Debug|Any CPU
		{2421CDE5-5E08-47AC-BCA7-50D495B457FE}.Debug|Any CPU.Build.0 = Debug|Any CPU
		{2421CDE5-5E08-47AC-BCA7-50D495B457FE}.Debug|x64.ActiveCfg = Debug|Any CPU
		{2421CDE5-5E08-47AC-BCA7-50D495B457FE}.Debug|x64.Build.0 = Debug|Any CPU
		{2421CDE5-5E08-47AC-BCA7-50D495B457FE}.Debug|x86.ActiveCfg = Debug|Any CPU
		{2421CDE5-5E08-47AC-BCA7-50D495B457FE}.Debug|x86.Build.0 = Debug|Any CPU
		{2421CDE5-5E08-47AC-BCA7-50D495B457FE}.Release|Any CPU.ActiveCfg = Release|Any CPU
		{2421CDE5-5E08-47AC-BCA7-50D495B457FE}.Release|Any CPU.Build.0 = Release|Any CPU
		{2421CDE5-5E08-47AC-BCA7-50D495B457FE}.Release|x64.ActiveCfg = Release|Any CPU
		{2421CDE5-5E08-47AC-BCA7-50D495B457FE}.Release|x64.Build.0 = Release|Any CPU
		{2421CDE5-5E08-47AC-BCA7-50D495B457FE}.Release|x86.ActiveCfg = Release|Any CPU
		{2421CDE5-5E08-47AC-BCA7-50D495B457FE}.Release|x86.Build.0 = Release|Any CPU
		{B7D2EF36-72B6-460C-96B4-4F7BBBC06168}.Debug|Any CPU.ActiveCfg = Debug|Any CPU
		{B7D2EF36-72B6-460C-96B4-4F7BBBC06168}.Debug|Any CPU.Build.0 = Debug|Any CPU
		{B7D2EF36-72B6-460C-96B4-4F7BBBC06168}.Debug|x64.ActiveCfg = Debug|Any CPU
		{B7D2EF36-72B6-460C-96B4-4F7BBBC06168}.Debug|x64.Build.0 = Debug|Any CPU
		{B7D2EF36-72B6-460C-96B4-4F7BBBC06168}.Debug|x86.ActiveCfg = Debug|Any CPU
		{B7D2EF36-72B6-460C-96B4-4F7BBBC06168}.Debug|x86.Build.0 = Debug|Any CPU
		{B7D2EF36-72B6-460C-96B4-4F7BBBC06168}.Release|Any CPU.ActiveCfg = Release|Any CPU
		{B7D2EF36-72B6-460C-96B4-4F7BBBC06168}.Release|Any CPU.Build.0 = Release|Any CPU
		{B7D2EF36-72B6-460C-96B4-4F7BBBC06168}.Release|x64.ActiveCfg = Release|Any CPU
		{B7D2EF36-72B6-460C-96B4-4F7BBBC06168}.Release|x64.Build.0 = Release|Any CPU
		{B7D2EF36-72B6-460C-96B4-4F7BBBC06168}.Release|x86.ActiveCfg = Release|Any CPU
		{B7D2EF36-72B6-460C-96B4-4F7BBBC06168}.Release|x86.Build.0 = Release|Any CPU
		{C1CCDF8D-0B8E-4C4E-9C96-5C9B68C748FB}.Debug|Any CPU.ActiveCfg = Debug|Any CPU
		{C1CCDF8D-0B8E-4C4E-9C96-5C9B68C748FB}.Debug|Any CPU.Build.0 = Debug|Any CPU
		{C1CCDF8D-0B8E-4C4E-9C96-5C9B68C748FB}.Debug|x64.ActiveCfg = Debug|Any CPU
		{C1CCDF8D-0B8E-4C4E-9C96-5C9B68C748FB}.Debug|x64.Build.0 = Debug|Any CPU
		{C1CCDF8D-0B8E-4C4E-9C96-5C9B68C748FB}.Debug|x86.ActiveCfg = Debug|Any CPU
		{C1CCDF8D-0B8E-4C4E-9C96-5C9B68C748FB}.Debug|x86.Build.0 = Debug|Any CPU
		{C1CCDF8D-0B8E-4C4E-9C96-5C9B68C748FB}.Release|Any CPU.ActiveCfg = Release|Any CPU
		{C1CCDF8D-0B8E-4C4E-9C96-5C9B68C748FB}.Release|Any CPU.Build.0 = Release|Any CPU
		{C1CCDF8D-0B8E-4C4E-9C96-5C9B68C748FB}.Release|x64.ActiveCfg = Release|Any CPU
		{C1CCDF8D-0B8E-4C4E-9C96-5C9B68C748FB}.Release|x64.Build.0 = Release|Any CPU
		{C1CCDF8D-0B8E-4C4E-9C96-5C9B68C748FB}.Release|x86.ActiveCfg = Release|Any CPU
		{C1CCDF8D-0B8E-4C4E-9C96-5C9B68C748FB}.Release|x86.Build.0 = Release|Any CPU
	EndGlobalSection
	GlobalSection(SolutionProperties) = preSolution
		HideSolutionNode = FALSE
	EndGlobalSection
EndGlobal
